
Microsoft Visual Studio Solution File, Format Version 12.00
# Visual Studio Version 16
VisualStudioVersion = 25.0.1706.12
MinimumVisualStudioVersion = 10.0.40219.1
Project("{FAE04EC0-301F-11D3-BF4B-00C04F79EFBC}") = "Console-Bank", "Console-Bank\Console-Bank.csproj", "{F27DDDDE-96DE-4424-A21E-257D6A02C46B}"
EndProject
Global
	GlobalSection(SolutionConfigurationPlatforms) = preSolution
		Debug|Any CPU = Debug|Any CPU
		Release|Any CPU = Release|Any CPU
	EndGlobalSection
	GlobalSection(ProjectConfigurationPlatforms) = postSolution
		{F27DDDDE-96DE-4424-A21E-257D6A02C46B}.Debug|Any CPU.ActiveCfg = Debug|Any CPU
		{F27DDDDE-96DE-4424-A21E-257D6A02C46B}.Debug|Any CPU.Build.0 = Debug|Any CPU
		{F27DDDDE-96DE-4424-A21E-257D6A02C46B}.Release|Any CPU.ActiveCfg = Release|Any CPU
		{F27DDDDE-96DE-4424-A21E-257D6A02C46B}.Release|Any CPU.Build.0 = Release|Any CPU
	EndGlobalSection
	GlobalSection(SolutionProperties) = preSolution
		HideSolutionNode = FALSE
	EndGlobalSection
	GlobalSection(ExtensibilityGlobals) = postSolution
		SolutionGuid = {F5EECE30-14E4-4A3A-BFA1-08B836BB6362}
	EndGlobalSection
EndGlobal
